{
  "lockfileVersion": 1,
  "workspaces": {
    "": {
      "name": "invoice-parsing",
      "dependencies": {
        "@cloudflare/containers": "^0.0.20",
        "@cloudflare/workers-types": "^4.20250711.0",
        "typescript": "^5.8.3",
      },
    },
  },
  "packages": {
    "@cloudflare/containers": ["@cloudflare/containers@0.0.20", "", {}, "sha512-Se6rHVgNBSZJ+MR+XQ5lY/LsCiecnZdOS1gFYUr5Jxu/xezaMzD0dIE7n5/OUo3KwObC1fmXAjZHYZbzeFh1yA=="],

    "@cloudflare/workers-types": ["@cloudflare/workers-types@4.20250711.0", "", {}, "sha512-aocBpm0Mbbz6GIOLJDbPrl4gZZ2o2A1a7pjFWlt3j2T1xghP0h1V3LtWUhyk74bAY5qOEuGQyLgr+svY//yCrQ=="],

    "typescript": ["typescript@5.8.3", "", { "bin": { "tsc": "bin/tsc", "tsserver": "bin/tsserver" } }, "sha512-p1diW6TqL9L07nNxvRMM7hMMw4c5XOo/1ibL4aAIGmSAt9slTE1Xgw5KWuof2uTOvCg9BY7ZRi+GaF+7sfgPeQ=="],
  }
}
